
Microsoft Visual Studio Solution File, Format Version 12.00
# Visual Studio Version 17
VisualStudioVersion = 17.10.35027.167
MinimumVisualStudioVersion = 10.0.40219.1
Project("{8BC9CEB8-8B4A-11D0-8D11-00A0C91BC942}") = "Sandbox", "Sandbox\Sandbox.vcxproj", "{9E97A1AE-72D5-4FFE-9FFD-4A40785F6002}"
EndProject
Project("{8BC9CEB8-8B4A-11D0-8D11-00A0C91BC942}") = "Hazel", "Hazel\Hazel.vcxproj", "{01030FAC-B870-45B9-A2AD-CCF57C65B660}"
EndProject
Global
	GlobalSection(SolutionConfigurationPlatforms) = preSolution
		Debug|x64 = Debug|x64
		Release|x64 = Release|x64
	EndGlobalSection
	GlobalSection(ProjectConfigurationPlatforms) = postSolution
		{9E97A1AE-72D5-4FFE-9FFD-4A40785F6002}.Debug|x64.ActiveCfg = Debug|x64
		{9E97A1AE-72D5-4FFE-9FFD-4A40785F6002}.Debug|x64.Build.0 = Debug|x64
		{9E97A1AE-72D5-4FFE-9FFD-4A40785F6002}.Release|x64.ActiveCfg = Release|x64
		{9E97A1AE-72D5-4FFE-9FFD-4A40785F6002}.Release|x64.Build.0 = Release|x64
		{01030FAC-B870-45B9-A2AD-CCF57C65B660}.Debug|x64.ActiveCfg = Debug|x64
		{01030FAC-B870-45B9-A2AD-CCF57C65B660}.Debug|x64.Build.0 = Debug|x64
		{01030FAC-B870-45B9-A2AD-CCF57C65B660}.Release|x64.ActiveCfg = Release|x64
		{01030FAC-B870-45B9-A2AD-CCF57C65B660}.Release|x64.Build.0 = Release|x64
	EndGlobalSection
	GlobalSection(SolutionProperties) = preSolution
		HideSolutionNode = FALSE
	EndGlobalSection
	GlobalSection(ExtensibilityGlobals) = postSolution
		SolutionGuid = {0301B04D-5CE3-4824-8326-FDBE49BCE4C0}
	EndGlobalSection
EndGlobal
